
Microsoft Visual Studio Solution File, Format Version 12.00
# Visual Studio Version 17
VisualStudioVersion = 17.0.31903.59
MinimumVisualStudioVersion = 10.0.40219.1
Project("{2150E333-8FDC-42A3-9474-1A3956D46DE8}") = "ShkandalApi", "ShkandalApi", "{5BF286A1-69D3-3F5B-2CB3-F107A67C5FEC}"
EndProject
Project("{FAE04EC0-301F-11D3-BF4B-00C04F79EFBC}") = "shkandal-api", "ShkandalApi\shkandal-api.csproj", "{19812357-80B6-44D5-B463-721A71DF109A}"
EndProject
Project("{2150E333-8FDC-42A3-9474-1A3956D46DE8}") = "ShkandalInfrastructure", "ShkandalInfrastructure", "{02EA681E-C7D8-13C7-8484-4AC65E1B71E8}"
EndProject
Project("{FAE04EC0-301F-11D3-BF4B-00C04F79EFBC}") = "ShkandalInfrastructure", "ShkandalInfrastructure\ShkandalInfrastructure.csproj", "{A909B9F4-E4E1-456C-971C-C879435C8025}"
EndProject
Project("{2150E333-8FDC-42A3-9474-1A3956D46DE8}") = "ShkandalServices", "ShkandalServices", "{9DA8565C-E70E-42F2-A3F3-90C0F140B9AF}"
EndProject
Project("{FAE04EC0-301F-11D3-BF4B-00C04F79EFBC}") = "ShkandalServices", "ShkandalServices\ShkandalServices.csproj", "{5F93CF97-938F-47F1-8792-EBE0EB7AE280}"
EndProject
Project("{2150E333-8FDC-42A3-9474-1A3956D46DE8}") = "ShkandalTests", "ShkandalTests", "{F9EB2618-552D-4AB1-9CBC-A7C0CA525FDD}"
EndProject
Project("{FAE04EC0-301F-11D3-BF4B-00C04F79EFBC}") = "ShkanadalTests", "ShkanadalTests\ShkanadalTests.csproj", "{AE2B9F17-F576-4A0D-AD61-461A608CEA76}"
EndProject
Project("{2150E333-8FDC-42A3-9474-1A3956D46DE8}") = "ShkandalData", "ShkandalData", "{37E13EA1-1A5B-4C01-A6DB-F4BDD66BB517}"
EndProject
Project("{FAE04EC0-301F-11D3-BF4B-00C04F79EFBC}") = "ShkandalData", "ShkandalData\ShkandalData.csproj", "{C5818EC2-E3A8-E2C5-8A88-AC4AE6A10038}"
EndProject
Global
	GlobalSection(SolutionConfigurationPlatforms) = preSolution
		Debug|Any CPU = Debug|Any CPU
		Debug|x64 = Debug|x64
		Debug|x86 = Debug|x86
		Release|Any CPU = Release|Any CPU
		Release|x64 = Release|x64
		Release|x86 = Release|x86
	EndGlobalSection
	GlobalSection(ProjectConfigurationPlatforms) = postSolution
		{19812357-80B6-44D5-B463-721A71DF109A}.Debug|Any CPU.ActiveCfg = Debug|Any CPU
		{19812357-80B6-44D5-B463-721A71DF109A}.Debug|Any CPU.Build.0 = Debug|Any CPU
		{19812357-80B6-44D5-B463-721A71DF109A}.Debug|x64.ActiveCfg = Debug|Any CPU
		{19812357-80B6-44D5-B463-721A71DF109A}.Debug|x64.Build.0 = Debug|Any CPU
		{19812357-80B6-44D5-B463-721A71DF109A}.Debug|x86.ActiveCfg = Debug|Any CPU
		{19812357-80B6-44D5-B463-721A71DF109A}.Debug|x86.Build.0 = Debug|Any CPU
		{19812357-80B6-44D5-B463-721A71DF109A}.Release|Any CPU.ActiveCfg = Release|Any CPU
		{19812357-80B6-44D5-B463-721A71DF109A}.Release|Any CPU.Build.0 = Release|Any CPU
		{19812357-80B6-44D5-B463-721A71DF109A}.Release|x64.ActiveCfg = Release|Any CPU
		{19812357-80B6-44D5-B463-721A71DF109A}.Release|x64.Build.0 = Release|Any CPU
		{19812357-80B6-44D5-B463-721A71DF109A}.Release|x86.ActiveCfg = Release|Any CPU
		{19812357-80B6-44D5-B463-721A71DF109A}.Release|x86.Build.0 = Release|Any CPU
		{A909B9F4-E4E1-456C-971C-C879435C8025}.Debug|Any CPU.ActiveCfg = Debug|Any CPU
		{A909B9F4-E4E1-456C-971C-C879435C8025}.Debug|Any CPU.Build.0 = Debug|Any CPU
		{A909B9F4-E4E1-456C-971C-C879435C8025}.Debug|x64.ActiveCfg = Debug|Any CPU
		{A909B9F4-E4E1-456C-971C-C879435C8025}.Debug|x64.Build.0 = Debug|Any CPU
		{A909B9F4-E4E1-456C-971C-C879435C8025}.Debug|x86.ActiveCfg = Debug|Any CPU
		{A909B9F4-E4E1-456C-971C-C879435C8025}.Debug|x86.Build.0 = Debug|Any CPU
		{A909B9F4-E4E1-456C-971C-C879435C8025}.Release|Any CPU.ActiveCfg = Release|Any CPU
		{A909B9F4-E4E1-456C-971C-C879435C8025}.Release|Any CPU.Build.0 = Release|Any CPU
		{A909B9F4-E4E1-456C-971C-C879435C8025}.Release|x64.ActiveCfg = Release|Any CPU
		{A909B9F4-E4E1-456C-971C-C879435C8025}.Release|x64.Build.0 = Release|Any CPU
		{A909B9F4-E4E1-456C-971C-C879435C8025}.Release|x86.ActiveCfg = Release|Any CPU
		{A909B9F4-E4E1-456C-971C-C879435C8025}.Release|x86.Build.0 = Release|Any CPU
		{5F93CF97-938F-47F1-8792-EBE0EB7AE280}.Debug|Any CPU.ActiveCfg = Debug|Any CPU
		{5F93CF97-938F-47F1-8792-EBE0EB7AE280}.Debug|Any CPU.Build.0 = Debug|Any CPU
		{5F93CF97-938F-47F1-8792-EBE0EB7AE280}.Debug|x64.ActiveCfg = Debug|Any CPU
		{5F93CF97-938F-47F1-8792-EBE0EB7AE280}.Debug|x64.Build.0 = Debug|Any CPU
		{5F93CF97-938F-47F1-8792-EBE0EB7AE280}.Debug|x86.ActiveCfg = Debug|Any CPU
		{5F93CF97-938F-47F1-8792-EBE0EB7AE280}.Debug|x86.Build.0 = Debug|Any CPU
		{5F93CF97-938F-47F1-8792-EBE0EB7AE280}.Release|Any CPU.ActiveCfg = Release|Any CPU
		{5F93CF97-938F-47F1-8792-EBE0EB7AE280}.Release|Any CPU.Build.0 = Release|Any CPU
		{5F93CF97-938F-47F1-8792-EBE0EB7AE280}.Release|x64.ActiveCfg = Release|Any CPU
		{5F93CF97-938F-47F1-8792-EBE0EB7AE280}.Release|x64.Build.0 = Release|Any CPU
		{5F93CF97-938F-47F1-8792-EBE0EB7AE280}.Release|x86.ActiveCfg = Release|Any CPU
		{5F93CF97-938F-47F1-8792-EBE0EB7AE280}.Release|x86.Build.0 = Release|Any CPU
		{AE2B9F17-F576-4A0D-AD61-461A608CEA76}.Debug|Any CPU.ActiveCfg = Debug|Any CPU
		{AE2B9F17-F576-4A0D-AD61-461A608CEA76}.Debug|Any CPU.Build.0 = Debug|Any CPU
		{AE2B9F17-F576-4A0D-AD61-461A608CEA76}.Debug|x64.ActiveCfg = Debug|Any CPU
		{AE2B9F17-F576-4A0D-AD61-461A608CEA76}.Debug|x64.Build.0 = Debug|Any CPU
		{AE2B9F17-F576-4A0D-AD61-461A608CEA76}.Debug|x86.ActiveCfg = Debug|Any CPU
		{AE2B9F17-F576-4A0D-AD61-461A608CEA76}.Debug|x86.Build.0 = Debug|Any CPU
		{AE2B9F17-F576-4A0D-AD61-461A608CEA76}.Release|Any CPU.ActiveCfg = Release|Any CPU
		{AE2B9F17-F576-4A0D-AD61-461A608CEA76}.Release|Any CPU.Build.0 = Release|Any CPU
		{AE2B9F17-F576-4A0D-AD61-461A608CEA76}.Release|x64.ActiveCfg = Release|Any CPU
		{AE2B9F17-F576-4A0D-AD61-461A608CEA76}.Release|x64.Build.0 = Release|Any CPU
		{AE2B9F17-F576-4A0D-AD61-461A608CEA76}.Release|x86.ActiveCfg = Release|Any CPU
		{AE2B9F17-F576-4A0D-AD61-461A608CEA76}.Release|x86.Build.0 = Release|Any CPU
		{C5818EC2-E3A8-E2C5-8A88-AC4AE6A10038}.Debug|Any CPU.ActiveCfg = Debug|Any CPU
		{C5818EC2-E3A8-E2C5-8A88-AC4AE6A10038}.Debug|Any CPU.Build.0 = Debug|Any CPU
		{C5818EC2-E3A8-E2C5-8A88-AC4AE6A10038}.Debug|x64.ActiveCfg = Debug|Any CPU
		{C5818EC2-E3A8-E2C5-8A88-AC4AE6A10038}.Debug|x64.Build.0 = Debug|Any CPU
		{C5818EC2-E3A8-E2C5-8A88-AC4AE6A10038}.Debug|x86.ActiveCfg = Debug|Any CPU
		{C5818EC2-E3A8-E2C5-8A88-AC4AE6A10038}.Debug|x86.Build.0 = Debug|Any CPU
		{C5818EC2-E3A8-E2C5-8A88-AC4AE6A10038}.Release|Any CPU.ActiveCfg = Release|Any CPU
		{C5818EC2-E3A8-E2C5-8A88-AC4AE6A10038}.Release|Any CPU.Build.0 = Release|Any CPU
		{C5818EC2-E3A8-E2C5-8A88-AC4AE6A10038}.Release|x64.ActiveCfg = Release|Any CPU
		{C5818EC2-E3A8-E2C5-8A88-AC4AE6A10038}.Release|x64.Build.0 = Release|Any CPU
		{C5818EC2-E3A8-E2C5-8A88-AC4AE6A10038}.Release|x86.ActiveCfg = Release|Any CPU
		{C5818EC2-E3A8-E2C5-8A88-AC4AE6A10038}.Release|x86.Build.0 = Release|Any CPU
	EndGlobalSection
	GlobalSection(SolutionProperties) = preSolution
		HideSolutionNode = FALSE
	EndGlobalSection
	GlobalSection(NestedProjects) = preSolution
		{19812357-80B6-44D5-B463-721A71DF109A} = {5BF286A1-69D3-3F5B-2CB3-F107A67C5FEC}
		{A909B9F4-E4E1-456C-971C-C879435C8025} = {02EA681E-C7D8-13C7-8484-4AC65E1B71E8}
		{5F93CF97-938F-47F1-8792-EBE0EB7AE280} = {9DA8565C-E70E-42F2-A3F3-90C0F140B9AF}
		{AE2B9F17-F576-4A0D-AD61-461A608CEA76} = {F9EB2618-552D-4AB1-9CBC-A7C0CA525FDD}
		{C5818EC2-E3A8-E2C5-8A88-AC4AE6A10038} = {37E13EA1-1A5B-4C01-A6DB-F4BDD66BB517}
	EndGlobalSection
	GlobalSection(ExtensibilityGlobals) = postSolution
		SolutionGuid = {E951E634-A981-4D2A-A799-0B30ECB21B55}
	EndGlobalSection
EndGlobal
